// !$*UTF8*$!
{
	archiveVersion = 1;
	classes = {
	};
	objectVersion = 50;
	objects = {

/* Begin PBXBuildFile section */
		A0D711C624DA7D9F00F1FE10 /* AppDelegate.swift in Sources */ = {isa = PBXBuildFile; fileRef = A0D711C524DA7D9F00F1FE10 /* AppDelegate.swift */; };
		A0D711C824DA7D9F00F1FE10 /* SceneDelegate.swift in Sources */ = {isa = PBXBuildFile; fileRef = A0D711C724DA7D9F00F1FE10 /* SceneDelegate.swift */; };
		A0D711CA24DA7D9F00F1FE10 /* ContentView.swift in Sources */ = {isa = PBXBuildFile; fileRef = A0D711C924DA7D9F00F1FE10 /* ContentView.swift */; };
		A0D711CC24DA7DA100F1FE10 /* Assets.xcassets in Resources */ = {isa = PBXBuildFile; fileRef = A0D711CB24DA7DA100F1FE10 /* Assets.xcassets */; };
		A0D711CF24DA7DA100F1FE10 /* Preview Assets.xcassets in Resources */ = {isa = PBXBuildFile; fileRef = A0D711CE24DA7DA100F1FE10 /* Preview Assets.xcassets */; };
		A0D711D224DA7DA100F1FE10 /* LaunchScreen.storyboard in Resources */ = {isa = PBXBuildFile; fileRef = A0D711D024DA7DA100F1FE10 /* LaunchScreen.storyboard */; };
		A0D711DA24DA7E4500F1FE10 /* Model.swift in Sources */ = {isa = PBXBuildFile; fileRef = A0D711D924DA7E4500F1FE10 /* Model.swift */; };
		A0D711DC24DA7EDF00F1FE10 /* DataManager.swift in Sources */ = {isa = PBXBuildFile; fileRef = A0D711DB24DA7EDF00F1FE10 /* DataManager.swift */; };
		A0D711DE24DA8FF800F1FE10 /* ContactList.swift in Sources */ = {isa = PBXBuildFile; fileRef = A0D711DD24DA8FF800F1FE10 /* ContactList.swift */; };
		A0D711E024DA909000F1FE10 /* DetailedList.swift in Sources */ = {isa = PBXBuildFile; fileRef = A0D711DF24DA909000F1FE10 /* DetailedList.swift */; };
		A0D711E224DA9FB800F1FE10 /* PersonView.swift in Sources */ = {isa = PBXBuildFile; fileRef = A0D711E124DA9FB800F1FE10 /* PersonView.swift */; };
		A0D711E424DAA92100F1FE10 /* Cell.swift in Sources */ = {isa = PBXBuildFile; fileRef = A0D711E324DAA92100F1FE10 /* Cell.swift */; };
/* End PBXBuildFile section */

/* Begin PBXFileReference section */
		A0D711C224DA7D9F00F1FE10 /* ContactList.app */ = {isa = PBXFileReference; explicitFileType = wrapper.application; includeInIndex = 0; path = ContactList.app; sourceTree = BUILT_PRODUCTS_DIR; };
		A0D711C524DA7D9F00F1FE10 /* AppDelegate.swift */ = {isa = PBXFileReference; lastKnownFileType = sourcecode.swift; path = AppDelegate.swift; sourceTree = "<group>"; };
		A0D711C724DA7D9F00F1FE10 /* SceneDelegate.swift */ = {isa = PBXFileReference; lastKnownFileType = sourcecode.swift; path = SceneDelegate.swift; sourceTree = "<group>"; };
		A0D711C924DA7D9F00F1FE10 /* ContentView.swift */ = {isa = PBXFileReference; lastKnownFileType = sourcecode.swift; path = ContentView.swift; sourceTree = "<group>"; };
		A0D711CB24DA7DA100F1FE10 /* Assets.xcassets */ = {isa = PBXFileReference; lastKnownFileType = folder.assetcatalog; path = Assets.xcassets; sourceTree = "<group>"; };
		A0D711CE24DA7DA100F1FE10 /* Preview Assets.xcassets */ = {isa = PBXFileReference; lastKnownFileType = folder.assetcatalog; path = "Preview Assets.xcassets"; sourceTree = "<group>"; };
		A0D711D124DA7DA100F1FE10 /* Base */ = {isa = PBXFileReference; lastKnownFileType = file.storyboard; name = Base; path = Base.lproj/LaunchScreen.storyboard; sourceTree = "<group>"; };
		A0D711D324DA7DA100F1FE10 /* Info.plist */ = {isa = PBXFileReference; lastKnownFileType = text.plist.xml; path = Info.plist; sourceTree = "<group>"; };
		A0D711D924DA7E4500F1FE10 /* Model.swift */ = {isa = PBXFileReference; lastKnownFileType = sourcecode.swift; path = Model.swift; sourceTree = "<group>"; };
		A0D711DB24DA7EDF00F1FE10 /* DataManager.swift */ = {isa = PBXFileReference; lastKnownFileType = sourcecode.swift; path = DataManager.swift; sourceTree = "<group>"; };
		A0D711DD24DA8FF800F1FE10 /* ContactList.swift */ = {isa = PBXFileReference; lastKnownFileType = sourcecode.swift; path = ContactList.swift; sourceTree = "<group>"; };
		A0D711DF24DA909000F1FE10 /* DetailedList.swift */ = {isa = PBXFileReference; lastKnownFileType = sourcecode.swift; path = DetailedList.swift; sourceTree = "<group>"; };
		A0D711E124DA9FB800F1FE10 /* PersonView.swift */ = {isa = PBXFileReference; lastKnownFileType = sourcecode.swift; path = PersonView.swift; sourceTree = "<group>"; };
		A0D711E324DAA92100F1FE10 /* Cell.swift */ = {isa = PBXFileReference; lastKnownFileType = sourcecode.swift; path = Cell.swift; sourceTree = "<group>"; };
/* End PBXFileReference section */

/* Begin PBXFrameworksBuildPhase section */
		A0D711BF24DA7D9F00F1FE10 /* Frameworks */ = {
			isa = PBXFrameworksBuildPhase;
			buildActionMask = 2147483647;
			files = (
			);
			runOnlyForDeploymentPostprocessing = 0;
		};
/* End PBXFrameworksBuildPhase section */

/* Begin PBXGroup section */
		A0D711B924DA7D9F00F1FE10 = {
			isa = PBXGroup;
			children = (
				A0D711C424DA7D9F00F1FE10 /* ContactList */,
				A0D711C324DA7D9F00F1FE10 /* Products */,
			);
			sourceTree = "<group>";
		};
		A0D711C324DA7D9F00F1FE10 /* Products */ = {
			isa = PBXGroup;
			children = (
				A0D711C224DA7D9F00F1FE10 /* ContactList.app */,
			);
			name = Products;
			sourceTree = "<group>";
		};
		A0D711C424DA7D9F00F1FE10 /* ContactList */ = {
			isa = PBXGroup;
			children = (
				A0D711C524DA7D9F00F1FE10 /* AppDelegate.swift */,
				A0D711C724DA7D9F00F1FE10 /* SceneDelegate.swift */,
				A0D711D924DA7E4500F1FE10 /* Model.swift */,
				A0D711DB24DA7EDF00F1FE10 /* DataManager.swift */,
				A0D711C924DA7D9F00F1FE10 /* ContentView.swift */,
				A0D711DD24DA8FF800F1FE10 /* ContactList.swift */,
				A0D711E124DA9FB800F1FE10 /* PersonView.swift */,
				A0D711DF24DA909000F1FE10 /* DetailedList.swift */,
				A0D711E324DAA92100F1FE10 /* Cell.swift */,
				A0D711CB24DA7DA100F1FE10 /* Assets.xcassets */,
				A0D711D024DA7DA100F1FE10 /* LaunchScreen.storyboard */,
				A0D711D324DA7DA100F1FE10 /* Info.plist */,
				A0D711CD24DA7DA100F1FE10 /* Preview Content */,
			);
			path = ContactList;
			sourceTree = "<group>";
		};
		A0D711CD24DA7DA100F1FE10 /* Preview Content */ = {
			isa = PBXGroup;
			children = (
				A0D711CE24DA7DA100F1FE10 /* Preview Assets.xcassets */,
			);
			path = "Preview Content";
			sourceTree = "<group>";
		};
/* End PBXGroup section */

/* Begin PBXNativeTarget section */
		A0D711C124DA7D9F00F1FE10 /* ContactList */ = {
			isa = PBXNativeTarget;
			buildConfigurationList = A0D711D624DA7DA100F1FE10 /* Build configuration list for PBXNativeTarget "ContactList" */;
			buildPhases = (
				A0D711BE24DA7D9F00F1FE10 /* Sources */,
				A0D711BF24DA7D9F00F1FE10 /* Frameworks */,
				A0D711C024DA7D9F00F1FE10 /* Resources */,
			);
			buildRules = (
			);
			dependencies = (
			);
			name = ContactList;
			productName = ContactList;
			productReference = A0D711C224DA7D9F00F1FE10 /* ContactList.app */;
			productType = "com.apple.product-type.application";
		};
/* End PBXNativeTarget section */

/* Begin PBXProject section */
		A0D711BA24DA7D9F00F1FE10 /* Project object */ = {
			isa = PBXProject;
			attributes = {
				LastSwiftUpdateCheck = 1160;
				LastUpgradeCheck = 1160;
				ORGANIZATIONNAME = Zizlak;
				TargetAttributes = {
					A0D711C124DA7D9F00F1FE10 = {
						CreatedOnToolsVersion = 11.6;
					};
				};
			};
			buildConfigurationList = A0D711BD24DA7D9F00F1FE10 /* Build configuration list for PBXProject "ContactList" */;
			compatibilityVersion = "Xcode 9.3";
			developmentRegion = en;
			hasScannedForEncodings = 0;
			knownRegions = (
				en,
				Base,
			);
			mainGroup = A0D711B924DA7D9F00F1FE10;
			productRefGroup = A0D711C324DA7D9F00F1FE10 /* Products */;
			projectDirPath = "";
			projectRoot = "";
			targets = (
				A0D711C124DA7D9F00F1FE10 /* ContactList */,
			);
		};
/* End PBXProject section */

/* Begin PBXResourcesBuildPhase section */
		A0D711C024DA7D9F00F1FE10 /* Resources */ = {
			isa = PBXResourcesBuildPhase;
			buildActionMask = 2147483647;
			files = (
				A0D711D224DA7DA100F1FE10 /* LaunchScreen.storyboard in Resources */,
				A0D711CF24DA7DA100F1FE10 /* Preview Assets.xcassets in Resources */,
				A0D711CC24DA7DA100F1FE10 /* Assets.xcassets in Resources */,
			);
			runOnlyForDeploymentPostprocessing = 0;
		};
/* End PBXResourcesBuildPhase section */

/* Begin PBXSourcesBuildPhase section */
		A0D711BE24DA7D9F00F1FE10 /* Sources */ = {
			isa = PBXSourcesBuildPhase;
			buildActionMask = 2147483647;
			files = (
				A0D711DE24DA8FF800F1FE10 /* ContactList.swift in Sources */,
				A0D711C624DA7D9F00F1FE10 /* AppDelegate.swift in Sources */,
				A0D711E024DA909000F1FE10 /* DetailedList.swift in Sources */,
				A0D711DC24DA7EDF00F1FE10 /* DataManager.swift in Sources */,
				A0D711C824DA7D9F00F1FE10 /* SceneDelegate.swift in Sources */,
				A0D711E424DAA92100F1FE10 /* Cell.swift in Sources */,
				A0D711E224DA9FB800F1FE10 /* PersonView.swift in Sources */,
				A0D711CA24DA7D9F00F1FE10 /* ContentView.swift in Sources */,
				A0D711DA24DA7E4500F1FE10 /* Model.swift in Sources */,
			);
			runOnlyForDeploymentPostprocessing = 0;
		};
/* End PBXSourcesBuildPhase section */

/* Begin PBXVariantGroup section */
		A0D711D024DA7DA100F1FE10 /* LaunchScreen.storyboard */ = {
			isa = PBXVariantGroup;
			children = (
				A0D711D124DA7DA100F1FE10 /* Base */,
			);
			name = LaunchScreen.storyboard;
			sourceTree = "<group>";
		};
/* End PBXVariantGroup section */

/* Begin XCBuildConfiguration section */
		A0D711D424DA7DA100F1FE10 /* Debug */ = {
			isa = XCBuildConfiguration;
			buildSettings = {
				ALWAYS_SEARCH_USER_PATHS = NO;
				CLANG_ANALYZER_NONNULL = YES;
				CLANG_ANALYZER_NUMBER_OBJECT_CONVERSION = YES_AGGRESSIVE;
				CLANG_CXX_LANGUAGE_STANDARD = "gnu++14";
				CLANG_CXX_LIBRARY = "libc++";
				CLANG_ENABLE_MODULES = YES;
				CLANG_ENABLE_OBJC_ARC = YES;
				CLANG_ENABLE_OBJC_WEAK = YES;
				CLANG_WARN_BLOCK_CAPTURE_AUTORELEASING = YES;
				CLANG_WARN_BOOL_CONVERSION = YES;
				CLANG_WARN_COMMA = YES;
				CLANG_WARN_CONSTANT_CONVERSION = YES;
				CLANG_WARN_DEPRECATED_OBJC_IMPLEMENTATIONS = YES;
				CLANG_WARN_DIRECT_OBJC_ISA_USAGE = YES_ERROR;
				CLANG_WARN_DOCUMENTATION_COMMENTS = YES;
				CLANG_WARN_EMPTY_BODY = YES;
				CLANG_WARN_ENUM_CONVERSION = YES;
				CLANG_WARN_INFINITE_RECURSION = YES;
				CLANG_WARN_INT_CONVERSION = YES;
				CLANG_WARN_NON_LITERAL_NULL_CONVERSION = YES;
				CLANG_WARN_OBJC_IMPLICIT_RETAIN_SELF = YES;
				CLANG_WARN_OBJC_LITERAL_CONVERSION = YES;
				CLANG_WARN_OBJC_ROOT_CLASS = YES_ERROR;
				CLANG_WARN_RANGE_LOOP_ANALYSIS = YES;
				CLANG_WARN_STRICT_PROTOTYPES = YES;
				CLANG_WARN_SUSPICIOUS_MOVE = YES;
				CLANG_WARN_UNGUARDED_AVAILABILITY = YES_AGGRESSIVE;
				CLANG_WARN_UNREACHABLE_CODE = YES;
				CLANG_WARN__DUPLICATE_METHOD_MATCH = YES;
				COPY_PHASE_STRIP = NO;
				DEBUG_INFORMATION_FORMAT = dwarf;
				ENABLE_STRICT_OBJC_MSGSEND = YES;
				ENABLE_TESTABILITY = YES;
				GCC_C_LANGUAGE_STANDARD = gnu11;
				GCC_DYNAMIC_NO_PIC = NO;
				GCC_NO_COMMON_BLOCKS = YES;
				GCC_OPTIMIZATION_LEVEL = 0;
				GCC_PREPROCESSOR_DEFINITIONS = (
					"DEBUG=1",
					"$(inherited)",
				);
				GCC_WARN_64_TO_32_BIT_CONVERSION = YES;
				GCC_WARN_ABOUT_RETURN_TYPE = YES_ERROR;
				GCC_WARN_UNDECLARED_SELECTOR = YES;
				GCC_WARN_UNINITIALIZED_AUTOS = YES_AGGRESSIVE;
				GCC_WARN_UNUSED_FUNCTION = YES;
				GCC_WARN_UNUSED_VARIABLE = YES;
				IPHONEOS_DEPLOYMENT_TARGET = 13.6;
				MTL_ENABLE_DEBUG_INFO = INCLUDE_SOURCE;
				MTL_FAST_MATH = YES;
				ONLY_ACTIVE_ARCH = YES;
				SDKROOT = iphoneos;
				SWIFT_ACTIVE_COMPILATION_CONDITIONS = DEBUG;
				SWIFT_OPTIMIZATION_LEVEL = "-Onone";
			};
			name = Debug;
		};
		A0D711D524DA7DA100F1FE10 /* Release */ = {
			isa = XCBuildConfiguration;
			buildSettings = {
				ALWAYS_SEARCH_USER_PATHS = NO;
				CLANG_ANALYZER_NONNULL = YES;
				CLANG_ANALYZER_NUMBER_OBJECT_CONVERSION = YES_AGGRESSIVE;
				CLANG_CXX_LANGUAGE_STANDARD = "gnu++14";
				CLANG_CXX_LIBRARY = "libc++";
				CLANG_ENABLE_MODULES = YES;
				CLANG_ENABLE_OBJC_ARC = YES;
				CLANG_ENABLE_OBJC_WEAK = YES;
				CLANG_WARN_BLOCK_CAPTURE_AUTORELEASING = YES;
				CLANG_WARN_BOOL_CONVERSION = YES;
				CLANG_WARN_COMMA = YES;
				CLANG_WARN_CONSTANT_CONVERSION = YES;
				CLANG_WARN_DEPRECATED_OBJC_IMPLEMENTATIONS = YES;
				CLANG_WARN_DIRECT_OBJC_ISA_USAGE = YES_ERROR;
				CLANG_WARN_DOCUMENTATION_COMMENTS = YES;
				CLANG_WARN_EMPTY_BODY = YES;
				CLANG_WARN_ENUM_CONVERSION = YES;
				CLANG_WARN_INFINITE_RECURSION = YES;
				CLANG_WARN_INT_CONVERSION = YES;
				CLANG_WARN_NON_LITERAL_NULL_CONVERSION = YES;
				CLANG_WARN_OBJC_IMPLICIT_RETAIN_SELF = YES;
				CLANG_WARN_OBJC_LITERAL_CONVERSION = YES;
				CLANG_WARN_OBJC_ROOT_CLASS = YES_ERROR;
				CLANG_WARN_RANGE_LOOP_ANALYSIS = YES;
				CLANG_WARN_STRICT_PROTOTYPES = YES;
				CLANG_WARN_SUSPICIOUS_MOVE = YES;
				CLANG_WARN_UNGUARDED_AVAILABILITY = YES_AGGRESSIVE;
				CLANG_WARN_UNREACHABLE_CODE = YES;
				CLANG_WARN__DUPLICATE_METHOD_MATCH = YES;
				COPY_PHASE_STRIP = NO;
				DEBUG_INFORMATION_FORMAT = "dwarf-with-dsym";
				ENABLE_NS_ASSERTIONS = NO;
				ENABLE_STRICT_OBJC_MSGSEND = YES;
				GCC_C_LANGUAGE_STANDARD = gnu11;
				GCC_NO_COMMON_BLOCKS = YES;
				GCC_WARN_64_TO_32_BIT_CONVERSION = YES;
				GCC_WARN_ABOUT_RETURN_TYPE = YES_ERROR;
				GCC_WARN_UNDECLARED_SELECTOR = YES;
				GCC_WARN_UNINITIALIZED_AUTOS = YES_AGGRESSIVE;
				GCC_WARN_UNUSED_FUNCTION = YES;
				GCC_WARN_UNUSED_VARIABLE = YES;
				IPHONEOS_DEPLOYMENT_TARGET = 13.6;
				MTL_ENABLE_DEBUG_INFO = NO;
				MTL_FAST_MATH = YES;
				SDKROOT = iphoneos;
				SWIFT_COMPILATION_MODE = wholemodule;
				SWIFT_OPTIMIZATION_LEVEL = "-O";
				VALIDATE_PRODUCT = YES;
			};
			name = Release;
		};
		A0D711D724DA7DA100F1FE10 /* Debug */ = {
			isa = XCBuildConfiguration;
			buildSettings = {
				ASSETCATALOG_COMPILER_APPICON_NAME = AppIcon;
				CODE_SIGN_STYLE = Automatic;
				DEVELOPMENT_ASSET_PATHS = "\"ContactList/Preview Content\"";
				DEVELOPMENT_TEAM = 2SFU59SCCX;
				ENABLE_PREVIEWS = YES;
				INFOPLIST_FILE = ContactList/Info.plist;
				LD_RUNPATH_SEARCH_PATHS = (
					"$(inherited)",
					"@executable_path/Frameworks",
				);
				PRODUCT_BUNDLE_IDENTIFIER = com.zizlak.ContactList;
				PRODUCT_NAME = "$(TARGET_NAME)";
				SWIFT_VERSION = 5.0;
				TARGETED_DEVICE_FAMILY = "1,2";
			};
			name = Debug;
		};
		A0D711D824DA7DA100F1FE10 /* Release */ = {
			isa = XCBuildConfiguration;
			buildSettings = {
				ASSETCATALOG_COMPILER_APPICON_NAME = AppIcon;
				CODE_SIGN_STYLE = Automatic;
				DEVELOPMENT_ASSET_PATHS = "\"ContactList/Preview Content\"";
				DEVELOPMENT_TEAM = 2SFU59SCCX;
				ENABLE_PREVIEWS = YES;
				INFOPLIST_FILE = ContactList/Info.plist;
				LD_RUNPATH_SEARCH_PATHS = (
					"$(inherited)",
					"@executable_path/Frameworks",
				);
				PRODUCT_BUNDLE_IDENTIFIER = com.zizlak.ContactList;
				PRODUCT_NAME = "$(TARGET_NAME)";
				SWIFT_VERSION = 5.0;
				TARGETED_DEVICE_FAMILY = "1,2";
			};
			name = Release;
		};
/* End XCBuildConfiguration section */

/* Begin XCConfigurationList section */
		A0D711BD24DA7D9F00F1FE10 /* Build configuration list for PBXProject "ContactList" */ = {
			isa = XCConfigurationList;
			buildConfigurations = (
				A0D711D424DA7DA100F1FE10 /* Debug */,
				A0D711D524DA7DA100F1FE10 /* Release */,
			);
			defaultConfigurationIsVisible = 0;
			defaultConfigurationName = Release;
		};
		A0D711D624DA7DA100F1FE10 /* Build configuration list for PBXNativeTarget "ContactList" */ = {
			isa = XCConfigurationList;
			buildConfigurations = (
				A0D711D724DA7DA100F1FE10 /* Debug */,
				A0D711D824DA7DA100F1FE10 /* Release */,
			);
			defaultConfigurationIsVisible = 0;
			defaultConfigurationName = Release;
		};
/* End XCConfigurationList section */
	};
	rootObject = A0D711BA24DA7D9F00F1FE10 /* Project object */;
}
